
Microsoft Visual Studio Solution File, Format Version 12.00
# Visual Studio Version 17
VisualStudioVersion = 17.8.34330.188
MinimumVisualStudioVersion = 10.0.40219.1
Project("{FAE04EC0-301F-11D3-BF4B-00C04F79EFBC}") = "DIFirst", "DIFirst.csproj", "{620478C3-C712-4180-82A2-6D5D9010CDE9}"
EndProject
Global
	GlobalSection(SolutionConfigurationPlatforms) = preSolution
		Debug|Any CPU = Debug|Any CPU
		Release|Any CPU = Release|Any CPU
	EndGlobalSection
	GlobalSection(ProjectConfigurationPlatforms) = postSolution
		{620478C3-C712-4180-82A2-6D5D9010CDE9}.Debug|Any CPU.ActiveCfg = Debug|Any CPU
		{620478C3-C712-4180-82A2-6D5D9010CDE9}.Debug|Any CPU.Build.0 = Debug|Any CPU
		{620478C3-C712-4180-82A2-6D5D9010CDE9}.Release|Any CPU.ActiveCfg = Release|Any CPU
		{620478C3-C712-4180-82A2-6D5D9010CDE9}.Release|Any CPU.Build.0 = Release|Any CPU
	EndGlobalSection
	GlobalSection(SolutionProperties) = preSolution
		HideSolutionNode = FALSE
	EndGlobalSection
	GlobalSection(ExtensibilityGlobals) = postSolution
		SolutionGuid = {604DE4A8-4A6E-4CD4-B1D1-01DB9B7E6797}
	EndGlobalSection
EndGlobal
